
Microsoft Visual Studio Solution File, Format Version 12.00
# Visual Studio Version 17
VisualStudioVersion = 17.8.34511.84
MinimumVisualStudioVersion = 10.0.40219.1
Project("{9A19103F-16F7-4668-BE54-9A1E7A4F7556}") = "İnMemory", "İnMemory\İnMemory.csproj", "{EF8A515A-C82A-4C95-9B02-99481FC987E9}"
EndProject
Project("{9A19103F-16F7-4668-BE54-9A1E7A4F7556}") = "IDistributedCacheRedis", "IDistributedCacheRedis\IDistributedCacheRedis.csproj", "{357904AC-D8B7-43EC-A282-EB1BA8A64799}"
EndProject
Project("{9A19103F-16F7-4668-BE54-9A1E7A4F7556}") = "Redis", "Redis\Redis.csproj", "{09F2FE5C-62AB-4499-8660-F8070EA6370E}"
EndProject
Project("{9A19103F-16F7-4668-BE54-9A1E7A4F7556}") = "RedisAppApi", "RedisAppApi\RedisAppApi.csproj", "{0DDEFCFB-ACFC-4A4F-8A4A-6A86B334A0FB}"
EndProject
Project("{FAE04EC0-301F-11D3-BF4B-00C04F79EFBC}") = "CacheServiceLibrary", "CacheServiceLibrary\CacheServiceLibrary.csproj", "{F742D63F-FDB5-4A62-A6D8-D05173AEE01F}"
EndProject
Global
	GlobalSection(SolutionConfigurationPlatforms) = preSolution
		Debug|Any CPU = Debug|Any CPU
		Release|Any CPU = Release|Any CPU
	EndGlobalSection
	GlobalSection(ProjectConfigurationPlatforms) = postSolution
		{EF8A515A-C82A-4C95-9B02-99481FC987E9}.Debug|Any CPU.ActiveCfg = Debug|Any CPU
		{EF8A515A-C82A-4C95-9B02-99481FC987E9}.Debug|Any CPU.Build.0 = Debug|Any CPU
		{EF8A515A-C82A-4C95-9B02-99481FC987E9}.Release|Any CPU.ActiveCfg = Release|Any CPU
		{EF8A515A-C82A-4C95-9B02-99481FC987E9}.Release|Any CPU.Build.0 = Release|Any CPU
		{357904AC-D8B7-43EC-A282-EB1BA8A64799}.Debug|Any CPU.ActiveCfg = Debug|Any CPU
		{357904AC-D8B7-43EC-A282-EB1BA8A64799}.Debug|Any CPU.Build.0 = Debug|Any CPU
		{357904AC-D8B7-43EC-A282-EB1BA8A64799}.Release|Any CPU.ActiveCfg = Release|Any CPU
		{357904AC-D8B7-43EC-A282-EB1BA8A64799}.Release|Any CPU.Build.0 = Release|Any CPU
		{09F2FE5C-62AB-4499-8660-F8070EA6370E}.Debug|Any CPU.ActiveCfg = Debug|Any CPU
		{09F2FE5C-62AB-4499-8660-F8070EA6370E}.Debug|Any CPU.Build.0 = Debug|Any CPU
		{09F2FE5C-62AB-4499-8660-F8070EA6370E}.Release|Any CPU.ActiveCfg = Release|Any CPU
		{09F2FE5C-62AB-4499-8660-F8070EA6370E}.Release|Any CPU.Build.0 = Release|Any CPU
		{0DDEFCFB-ACFC-4A4F-8A4A-6A86B334A0FB}.Debug|Any CPU.ActiveCfg = Debug|Any CPU
		{0DDEFCFB-ACFC-4A4F-8A4A-6A86B334A0FB}.Debug|Any CPU.Build.0 = Debug|Any CPU
		{0DDEFCFB-ACFC-4A4F-8A4A-6A86B334A0FB}.Release|Any CPU.ActiveCfg = Release|Any CPU
		{0DDEFCFB-ACFC-4A4F-8A4A-6A86B334A0FB}.Release|Any CPU.Build.0 = Release|Any CPU
		{F742D63F-FDB5-4A62-A6D8-D05173AEE01F}.Debug|Any CPU.ActiveCfg = Debug|Any CPU
		{F742D63F-FDB5-4A62-A6D8-D05173AEE01F}.Debug|Any CPU.Build.0 = Debug|Any CPU
		{F742D63F-FDB5-4A62-A6D8-D05173AEE01F}.Release|Any CPU.ActiveCfg = Release|Any CPU
		{F742D63F-FDB5-4A62-A6D8-D05173AEE01F}.Release|Any CPU.Build.0 = Release|Any CPU
	EndGlobalSection
	GlobalSection(SolutionProperties) = preSolution
		HideSolutionNode = FALSE
	EndGlobalSection
	GlobalSection(ExtensibilityGlobals) = postSolution
		SolutionGuid = {35A75929-8D8F-47A9-865A-348887E37125}
	EndGlobalSection
EndGlobal
